PODS:
  - SDWebImage (5.12.6):
    - SDWebImage/Core (= 5.12.6)
  - SDWebImage/Core (5.12.6)

DEPENDENCIES:
  - SDWebImage

SPEC REPOS:
  trunk:
    - SDWebImage

SPEC CHECKSUMS:
  SDWebImage: a47aea9e3d8816015db4e523daff50cfd294499d

PODFILE CHECKSUM: 6a6c8875e5602afd320c9af421431ca03c2f0000

COCOAPODS: 1.11.3
